// !$*UTF8*$!
{
	archiveVersion = 1;
	classes = {
	};
	objectVersion = 50;
	objects = {

/* Begin PBXBuildFile section */
		413EAFB624CF5BCF00849014 /* AppDelegate.swift in Sources */ = {isa = PBXBuildFile; fileRef = 413EAFB524CF5BCF00849014 /* AppDelegate.swift */; };
		413EAFB824CF5BCF00849014 /* SceneDelegate.swift in Sources */ = {isa = PBXBuildFile; fileRef = 413EAFB724CF5BCF00849014 /* SceneDelegate.swift */; };
		413EAFBA24CF5BCF00849014 /* ViewController.swift in Sources */ = {isa = PBXBuildFile; fileRef = 413EAFB924CF5BCF00849014 /* ViewController.swift */; };
		413EAFBD24CF5BCF00849014 /* Main.storyboard in Resources */ = {isa = PBXBuildFile; fileRef = 413EAFBB24CF5BCF00849014 /* Main.storyboard */; };
		413EAFBF24CF5BDB00849014 /* Assets.xcassets in Resources */ = {isa = PBXBuildFile; fileRef = 413EAFBE24CF5BDB00849014 /* Assets.xcassets */; };
		413EAFC224CF5BDB00849014 /* LaunchScreen.storyboard in Resources */ = {isa = PBXBuildFile; fileRef = 413EAFC024CF5BDB00849014 /* LaunchScreen.storyboard */; };
		413EAFD824CF612F00849014 /* MovieStructTests.swift in Sources */ = {isa = PBXBuildFile; fileRef = 413EAFD724CF612F00849014 /* MovieStructTests.swift */; };
		413EAFDA24CF624C00849014 /* Movie.swift in Sources */ = {isa = PBXBuildFile; fileRef = 413EAFD924CF624C00849014 /* Movie.swift */; };
		413EFBEC24D1F32100EFDB59 /* LibraryViewControllerTest.swift in Sources */ = {isa = PBXBuildFile; fileRef = 413EFBEB24D1F32100EFDB59 /* LibraryViewControllerTest.swift */; };
		41BD165024D05A020074AAD8 /* MovieManagerTests.swift in Sources */ = {isa = PBXBuildFile; fileRef = 41BD164F24D05A020074AAD8 /* MovieManagerTests.swift */; };
		41BD165224D05A6C0074AAD8 /* MovieManager.swift in Sources */ = {isa = PBXBuildFile; fileRef = 41BD165124D05A6C0074AAD8 /* MovieManager.swift */; };
/* End PBXBuildFile section */

/* Begin PBXContainerItemProxy section */
		413EAFC924CF5BDB00849014 /* PBXContainerItemProxy */ = {
			isa = PBXContainerItemProxy;
			containerPortal = 413EAFAA24CF5BCF00849014 /* Project object */;
			proxyType = 1;
			remoteGlobalIDString = 413EAFB124CF5BCF00849014;
			remoteInfo = FilmFest;
		};
/* End PBXContainerItemProxy section */

/* Begin PBXFileReference section */
		413EAFB224CF5BCF00849014 /* FilmFest.app */ = {isa = PBXFileReference; explicitFileType = wrapper.application; includeInIndex = 0; path = FilmFest.app; sourceTree = BUILT_PRODUCTS_DIR; };
		413EAFB524CF5BCF00849014 /* AppDelegate.swift */ = {isa = PBXFileReference; lastKnownFileType = sourcecode.swift; path = AppDelegate.swift; sourceTree = "<group>"; };
		413EAFB724CF5BCF00849014 /* SceneDelegate.swift */ = {isa = PBXFileReference; lastKnownFileType = sourcecode.swift; path = SceneDelegate.swift; sourceTree = "<group>"; };
		413EAFB924CF5BCF00849014 /* ViewController.swift */ = {isa = PBXFileReference; lastKnownFileType = sourcecode.swift; path = ViewController.swift; sourceTree = "<group>"; };
		413EAFBC24CF5BCF00849014 /* Base */ = {isa = PBXFileReference; lastKnownFileType = file.storyboard; name = Base; path = Base.lproj/Main.storyboard; sourceTree = "<group>"; };
		413EAFBE24CF5BDB00849014 /* Assets.xcassets */ = {isa = PBXFileReference; lastKnownFileType = folder.assetcatalog; path = Assets.xcassets; sourceTree = "<group>"; };
		413EAFC124CF5BDB00849014 /* Base */ = {isa = PBXFileReference; lastKnownFileType = file.storyboard; name = Base; path = Base.lproj/LaunchScreen.storyboard; sourceTree = "<group>"; };
		413EAFC324CF5BDB00849014 /* Info.plist */ = {isa = PBXFileReference; lastKnownFileType = text.plist.xml; path = Info.plist; sourceTree = "<group>"; };
		413EAFC824CF5BDB00849014 /* FilmFestTests.xctest */ = {isa = PBXFileReference; explicitFileType = wrapper.cfbundle; includeInIndex = 0; path = FilmFestTests.xctest; sourceTree = BUILT_PRODUCTS_DIR; };
		413EAFCE24CF5BDB00849014 /* Info.plist */ = {isa = PBXFileReference; lastKnownFileType = text.plist.xml; path = Info.plist; sourceTree = "<group>"; };
		413EAFD724CF612F00849014 /* MovieStructTests.swift */ = {isa = PBXFileReference; lastKnownFileType = sourcecode.swift; path = MovieStructTests.swift; sourceTree = "<group>"; };
		413EAFD924CF624C00849014 /* Movie.swift */ = {isa = PBXFileReference; lastKnownFileType = sourcecode.swift; path = Movie.swift; sourceTree = "<group>"; };
		413EFBEB24D1F32100EFDB59 /* LibraryViewControllerTest.swift */ = {isa = PBXFileReference; lastKnownFileType = sourcecode.swift; path = LibraryViewControllerTest.swift; sourceTree = "<group>"; };
		41BD164F24D05A020074AAD8 /* MovieManagerTests.swift */ = {isa = PBXFileReference; lastKnownFileType = sourcecode.swift; path = MovieManagerTests.swift; sourceTree = "<group>"; };
		41BD165124D05A6C0074AAD8 /* MovieManager.swift */ = {isa = PBXFileReference; lastKnownFileType = sourcecode.swift; path = MovieManager.swift; sourceTree = "<group>"; };
/* End PBXFileReference section */

/* Begin PBXFrameworksBuildPhase section */
		413EAFAF24CF5BCF00849014 /* Frameworks */ = {
			isa = PBXFrameworksBuildPhase;
			buildActionMask = 2147483647;
			files = (
			);
			runOnlyForDeploymentPostprocessing = 0;
		};
		413EAFC524CF5BDB00849014 /* Frameworks */ = {
			isa = PBXFrameworksBuildPhase;
			buildActionMask = 2147483647;
			files = (
			);
			runOnlyForDeploymentPostprocessing = 0;
		};
/* End PBXFrameworksBuildPhase section */

/* Begin PBXGroup section */
		413EAFA924CF5BCF00849014 = {
			isa = PBXGroup;
			children = (
				413EAFB424CF5BCF00849014 /* FilmFest */,
				413EAFCB24CF5BDB00849014 /* FilmFestTests */,
				413EAFB324CF5BCF00849014 /* Products */,
			);
			sourceTree = "<group>";
		};
		413EAFB324CF5BCF00849014 /* Products */ = {
			isa = PBXGroup;
			children = (
				413EAFB224CF5BCF00849014 /* FilmFest.app */,
				413EAFC824CF5BDB00849014 /* FilmFestTests.xctest */,
			);
			name = Products;
			sourceTree = "<group>";
		};
		413EAFB424CF5BCF00849014 /* FilmFest */ = {
			isa = PBXGroup;
			children = (
				41BD164C24D0594D0074AAD8 /* Controller */,
				41BD164B24D059470074AAD8 /* View */,
				41BD164A24D059410074AAD8 /* Model */,
				413EAFB524CF5BCF00849014 /* AppDelegate.swift */,
				413EAFB724CF5BCF00849014 /* SceneDelegate.swift */,
				413EAFBB24CF5BCF00849014 /* Main.storyboard */,
				413EAFBE24CF5BDB00849014 /* Assets.xcassets */,
				413EAFC024CF5BDB00849014 /* LaunchScreen.storyboard */,
				413EAFC324CF5BDB00849014 /* Info.plist */,
			);
			path = FilmFest;
			sourceTree = "<group>";
		};
		413EAFCB24CF5BDB00849014 /* FilmFestTests */ = {
			isa = PBXGroup;
			children = (
				41BD164E24D0597E0074AAD8 /* Test Controllers */,
				41BD164D24D059710074AAD8 /* Test Models */,
				413EAFCE24CF5BDB00849014 /* Info.plist */,
			);
			path = FilmFestTests;
			sourceTree = "<group>";
		};
		41BD164A24D059410074AAD8 /* Model */ = {
			isa = PBXGroup;
			children = (
				413EAFD924CF624C00849014 /* Movie.swift */,
				41BD165124D05A6C0074AAD8 /* MovieManager.swift */,
			);
			path = Model;
			sourceTree = "<group>";
		};
		41BD164B24D059470074AAD8 /* View */ = {
			isa = PBXGroup;
			children = (
				413EAFB924CF5BCF00849014 /* ViewController.swift */,
			);
			path = View;
			sourceTree = "<group>";
		};
		41BD164C24D0594D0074AAD8 /* Controller */ = {
			isa = PBXGroup;
			children = (
			);
			path = Controller;
			sourceTree = "<group>";
		};
		41BD164D24D059710074AAD8 /* Test Models */ = {
			isa = PBXGroup;
			children = (
				413EAFD724CF612F00849014 /* MovieStructTests.swift */,
				41BD164F24D05A020074AAD8 /* MovieManagerTests.swift */,
			);
			path = "Test Models";
			sourceTree = "<group>";
		};
		41BD164E24D0597E0074AAD8 /* Test Controllers */ = {
			isa = PBXGroup;
			children = (
				413EFBEB24D1F32100EFDB59 /* LibraryViewControllerTest.swift */,
			);
			path = "Test Controllers";
			sourceTree = "<group>";
		};
/* End PBXGroup section */

/* Begin PBXNativeTarget section */
		413EAFB124CF5BCF00849014 /* FilmFest */ = {
			isa = PBXNativeTarget;
			buildConfigurationList = 413EAFD124CF5BDC00849014 /* Build configuration list for PBXNativeTarget "FilmFest" */;
			buildPhases = (
				413EAFAE24CF5BCF00849014 /* Sources */,
				413EAFAF24CF5BCF00849014 /* Frameworks */,
				413EAFB024CF5BCF00849014 /* Resources */,
			);
			buildRules = (
			);
			dependencies = (
			);
			name = FilmFest;
			productName = FilmFest;
			productReference = 413EAFB224CF5BCF00849014 /* FilmFest.app */;
			productType = "com.apple.product-type.application";
		};
		413EAFC724CF5BDB00849014 /* FilmFestTests */ = {
			isa = PBXNativeTarget;
			buildConfigurationList = 413EAFD424CF5BDC00849014 /* Build configuration list for PBXNativeTarget "FilmFestTests" */;
			buildPhases = (
				413EAFC424CF5BDB00849014 /* Sources */,
				413EAFC524CF5BDB00849014 /* Frameworks */,
				413EAFC624CF5BDB00849014 /* Resources */,
			);
			buildRules = (
			);
			dependencies = (
				413EAFCA24CF5BDB00849014 /* PBXTargetDependency */,
			);
			name = FilmFestTests;
			productName = FilmFestTests;
			productReference = 413EAFC824CF5BDB00849014 /* FilmFestTests.xctest */;
			productType = "com.apple.product-type.bundle.unit-test";
		};
/* End PBXNativeTarget section */

/* Begin PBXProject section */
		413EAFAA24CF5BCF00849014 /* Project object */ = {
			isa = PBXProject;
			attributes = {
				LastSwiftUpdateCheck = 1150;
				LastUpgradeCheck = 1150;
				ORGANIZATIONNAME = "Thomas Cowern New";
				TargetAttributes = {
					413EAFB124CF5BCF00849014 = {
						CreatedOnToolsVersion = 11.5;
					};
					413EAFC724CF5BDB00849014 = {
						CreatedOnToolsVersion = 11.5;
						LastSwiftMigration = 1150;
						TestTargetID = 413EAFB124CF5BCF00849014;
					};
				};
			};
			buildConfigurationList = 413EAFAD24CF5BCF00849014 /* Build configuration list for PBXProject "FilmFest" */;
			compatibilityVersion = "Xcode 9.3";
			developmentRegion = en;
			hasScannedForEncodings = 0;
			knownRegions = (
				en,
				Base,
			);
			mainGroup = 413EAFA924CF5BCF00849014;
			productRefGroup = 413EAFB324CF5BCF00849014 /* Products */;
			projectDirPath = "";
			projectRoot = "";
			targets = (
				413EAFB124CF5BCF00849014 /* FilmFest */,
				413EAFC724CF5BDB00849014 /* FilmFestTests */,
			);
		};
/* End PBXProject section */

/* Begin PBXResourcesBuildPhase section */
		413EAFB024CF5BCF00849014 /* Resources */ = {
			isa = PBXResourcesBuildPhase;
			buildActionMask = 2147483647;
			files = (
				413EAFC224CF5BDB00849014 /* LaunchScreen.storyboard in Resources */,
				413EAFBF24CF5BDB00849014 /* Assets.xcassets in Resources */,
				413EAFBD24CF5BCF00849014 /* Main.storyboard in Resources */,
			);
			runOnlyForDeploymentPostprocessing = 0;
		};
		413EAFC624CF5BDB00849014 /* Resources */ = {
			isa = PBXResourcesBuildPhase;
			buildActionMask = 2147483647;
			files = (
			);
			runOnlyForDeploymentPostprocessing = 0;
		};
/* End PBXResourcesBuildPhase section */

/* Begin PBXSourcesBuildPhase section */
		413EAFAE24CF5BCF00849014 /* Sources */ = {
			isa = PBXSourcesBuildPhase;
			buildActionMask = 2147483647;
			files = (
				413EAFBA24CF5BCF00849014 /* ViewController.swift in Sources */,
				413EAFB624CF5BCF00849014 /* AppDelegate.swift in Sources */,
				41BD165224D05A6C0074AAD8 /* MovieManager.swift in Sources */,
				413EAFDA24CF624C00849014 /* Movie.swift in Sources */,
				413EAFB824CF5BCF00849014 /* SceneDelegate.swift in Sources */,
			);
			runOnlyForDeploymentPostprocessing = 0;
		};
		413EAFC424CF5BDB00849014 /* Sources */ = {
			isa = PBXSourcesBuildPhase;
			buildActionMask = 2147483647;
			files = (
				41BD165024D05A020074AAD8 /* MovieManagerTests.swift in Sources */,
				413EFBEC24D1F32100EFDB59 /* LibraryViewControllerTest.swift in Sources */,
				413EAFD824CF612F00849014 /* MovieStructTests.swift in Sources */,
			);
			runOnlyForDeploymentPostprocessing = 0;
		};
/* End PBXSourcesBuildPhase section */

/* Begin PBXTargetDependency section */
		413EAFCA24CF5BDB00849014 /* PBXTargetDependency */ = {
			isa = PBXTargetDependency;
			target = 413EAFB124CF5BCF00849014 /* FilmFest */;
			targetProxy = 413EAFC924CF5BDB00849014 /* PBXContainerItemProxy */;
		};
/* End PBXTargetDependency section */

/* Begin PBXVariantGroup section */
		413EAFBB24CF5BCF00849014 /* Main.storyboard */ = {
			isa = PBXVariantGroup;
			children = (
				413EAFBC24CF5BCF00849014 /* Base */,
			);
			name = Main.storyboard;
			sourceTree = "<group>";
		};
		413EAFC024CF5BDB00849014 /* LaunchScreen.storyboard */ = {
			isa = PBXVariantGroup;
			children = (
				413EAFC124CF5BDB00849014 /* Base */,
			);
			name = LaunchScreen.storyboard;
			sourceTree = "<group>";
		};
/* End PBXVariantGroup section */

/* Begin XCBuildConfiguration section */
		413EAFCF24CF5BDB00849014 /* Debug */ = {
			isa = XCBuildConfiguration;
			buildSettings = {
				ALWAYS_SEARCH_USER_PATHS = NO;
				CLANG_ANALYZER_NONNULL = YES;
				CLANG_ANALYZER_NUMBER_OBJECT_CONVERSION = YES_AGGRESSIVE;
				CLANG_CXX_LANGUAGE_STANDARD = "gnu++14";
				CLANG_CXX_LIBRARY = "libc++";
				CLANG_ENABLE_MODULES = YES;
				CLANG_ENABLE_OBJC_ARC = YES;
				CLANG_ENABLE_OBJC_WEAK = YES;
				CLANG_WARN_BLOCK_CAPTURE_AUTORELEASING = YES;
				CLANG_WARN_BOOL_CONVERSION = YES;
				CLANG_WARN_COMMA = YES;
				CLANG_WARN_CONSTANT_CONVERSION = YES;
				CLANG_WARN_DEPRECATED_OBJC_IMPLEMENTATIONS = YES;
				CLANG_WARN_DIRECT_OBJC_ISA_USAGE = YES_ERROR;
				CLANG_WARN_DOCUMENTATION_COMMENTS = YES;
				CLANG_WARN_EMPTY_BODY = YES;
				CLANG_WARN_ENUM_CONVERSION = YES;
				CLANG_WARN_INFINITE_RECURSION = YES;
				CLANG_WARN_INT_CONVERSION = YES;
				CLANG_WARN_NON_LITERAL_NULL_CONVERSION = YES;
				CLANG_WARN_OBJC_IMPLICIT_RETAIN_SELF = YES;
				CLANG_WARN_OBJC_LITERAL_CONVERSION = YES;
				CLANG_WARN_OBJC_ROOT_CLASS = YES_ERROR;
				CLANG_WARN_RANGE_LOOP_ANALYSIS = YES;
				CLANG_WARN_STRICT_PROTOTYPES = YES;
				CLANG_WARN_SUSPICIOUS_MOVE = YES;
				CLANG_WARN_UNGUARDED_AVAILABILITY = YES_AGGRESSIVE;
				CLANG_WARN_UNREACHABLE_CODE = YES;
				CLANG_WARN__DUPLICATE_METHOD_MATCH = YES;
				COPY_PHASE_STRIP = NO;
				DEBUG_INFORMATION_FORMAT = dwarf;
				ENABLE_STRICT_OBJC_MSGSEND = YES;
				ENABLE_TESTABILITY = YES;
				GCC_C_LANGUAGE_STANDARD = gnu11;
				GCC_DYNAMIC_NO_PIC = NO;
				GCC_NO_COMMON_BLOCKS = YES;
				GCC_OPTIMIZATION_LEVEL = 0;
				GCC_PREPROCESSOR_DEFINITIONS = (
					"DEBUG=1",
					"$(inherited)",
				);
				GCC_WARN_64_TO_32_BIT_CONVERSION = YES;
				GCC_WARN_ABOUT_RETURN_TYPE = YES_ERROR;
				GCC_WARN_UNDECLARED_SELECTOR = YES;
				GCC_WARN_UNINITIALIZED_AUTOS = YES_AGGRESSIVE;
				GCC_WARN_UNUSED_FUNCTION = YES;
				GCC_WARN_UNUSED_VARIABLE = YES;
				IPHONEOS_DEPLOYMENT_TARGET = 13.5;
				MTL_ENABLE_DEBUG_INFO = INCLUDE_SOURCE;
				MTL_FAST_MATH = YES;
				ONLY_ACTIVE_ARCH = YES;
				SDKROOT = iphoneos;
				SWIFT_ACTIVE_COMPILATION_CONDITIONS = DEBUG;
				SWIFT_OPTIMIZATION_LEVEL = "-Onone";
			};
			name = Debug;
		};
		413EAFD024CF5BDB00849014 /* Release */ = {
			isa = XCBuildConfiguration;
			buildSettings = {
				ALWAYS_SEARCH_USER_PATHS = NO;
				CLANG_ANALYZER_NONNULL = YES;
				CLANG_ANALYZER_NUMBER_OBJECT_CONVERSION = YES_AGGRESSIVE;
				CLANG_CXX_LANGUAGE_STANDARD = "gnu++14";
				CLANG_CXX_LIBRARY = "libc++";
				CLANG_ENABLE_MODULES = YES;
				CLANG_ENABLE_OBJC_ARC = YES;
				CLANG_ENABLE_OBJC_WEAK = YES;
				CLANG_WARN_BLOCK_CAPTURE_AUTORELEASING = YES;
				CLANG_WARN_BOOL_CONVERSION = YES;
				CLANG_WARN_COMMA = YES;
				CLANG_WARN_CONSTANT_CONVERSION = YES;
				CLANG_WARN_DEPRECATED_OBJC_IMPLEMENTATIONS = YES;
				CLANG_WARN_DIRECT_OBJC_ISA_USAGE = YES_ERROR;
				CLANG_WARN_DOCUMENTATION_COMMENTS = YES;
				CLANG_WARN_EMPTY_BODY = YES;
				CLANG_WARN_ENUM_CONVERSION = YES;
				CLANG_WARN_INFINITE_RECURSION = YES;
				CLANG_WARN_INT_CONVERSION = YES;
				CLANG_WARN_NON_LITERAL_NULL_CONVERSION = YES;
				CLANG_WARN_OBJC_IMPLICIT_RETAIN_SELF = YES;
				CLANG_WARN_OBJC_LITERAL_CONVERSION = YES;
				CLANG_WARN_OBJC_ROOT_CLASS = YES_ERROR;
				CLANG_WARN_RANGE_LOOP_ANALYSIS = YES;
				CLANG_WARN_STRICT_PROTOTYPES = YES;
				CLANG_WARN_SUSPICIOUS_MOVE = YES;
				CLANG_WARN_UNGUARDED_AVAILABILITY = YES_AGGRESSIVE;
				CLANG_WARN_UNREACHABLE_CODE = YES;
				CLANG_WARN__DUPLICATE_METHOD_MATCH = YES;
				COPY_PHASE_STRIP = NO;
				DEBUG_INFORMATION_FORMAT = "dwarf-with-dsym";
				ENABLE_NS_ASSERTIONS = NO;
				ENABLE_STRICT_OBJC_MSGSEND = YES;
				GCC_C_LANGUAGE_STANDARD = gnu11;
				GCC_NO_COMMON_BLOCKS = YES;
				GCC_WARN_64_TO_32_BIT_CONVERSION = YES;
				GCC_WARN_ABOUT_RETURN_TYPE = YES_ERROR;
				GCC_WARN_UNDECLARED_SELECTOR = YES;
				GCC_WARN_UNINITIALIZED_AUTOS = YES_AGGRESSIVE;
				GCC_WARN_UNUSED_FUNCTION = YES;
				GCC_WARN_UNUSED_VARIABLE = YES;
				IPHONEOS_DEPLOYMENT_TARGET = 13.5;
				MTL_ENABLE_DEBUG_INFO = NO;
				MTL_FAST_MATH = YES;
				SDKROOT = iphoneos;
				SWIFT_COMPILATION_MODE = wholemodule;
				SWIFT_OPTIMIZATION_LEVEL = "-O";
				VALIDATE_PRODUCT = YES;
			};
			name = Release;
		};
		413EAFD224CF5BDC00849014 /* Debug */ = {
			isa = XCBuildConfiguration;
			buildSettings = {
				ASSETCATALOG_COMPILER_APPICON_NAME = AppIcon;
				CODE_SIGN_STYLE = Automatic;
				DEVELOPMENT_TEAM = 56F54J4H3N;
				INFOPLIST_FILE = FilmFest/Info.plist;
				LD_RUNPATH_SEARCH_PATHS = (
					"$(inherited)",
					"@executable_path/Frameworks",
				);
				PRODUCT_BUNDLE_IDENTIFIER = MobileSoftwareServices.FilmFest;
				PRODUCT_NAME = "$(TARGET_NAME)";
				SWIFT_VERSION = 5.0;
				TARGETED_DEVICE_FAMILY = "1,2";
			};
			name = Debug;
		};
		413EAFD324CF5BDC00849014 /* Release */ = {
			isa = XCBuildConfiguration;
			buildSettings = {
				ASSETCATALOG_COMPILER_APPICON_NAME = AppIcon;
				CODE_SIGN_STYLE = Automatic;
				DEVELOPMENT_TEAM = 56F54J4H3N;
				INFOPLIST_FILE = FilmFest/Info.plist;
				LD_RUNPATH_SEARCH_PATHS = (
					"$(inherited)",
					"@executable_path/Frameworks",
				);
				PRODUCT_BUNDLE_IDENTIFIER = MobileSoftwareServices.FilmFest;
				PRODUCT_NAME = "$(TARGET_NAME)";
				SWIFT_VERSION = 5.0;
				TARGETED_DEVICE_FAMILY = "1,2";
			};
			name = Release;
		};
		413EAFD524CF5BDC00849014 /* Debug */ = {
			isa = XCBuildConfiguration;
			buildSettings = {
				ALWAYS_EMBED_SWIFT_STANDARD_LIBRARIES = YES;
				BUNDLE_LOADER = "$(TEST_HOST)";
				CLANG_ENABLE_MODULES = YES;
				CODE_SIGN_STYLE = Automatic;
				DEVELOPMENT_TEAM = 56F54J4H3N;
				INFOPLIST_FILE = FilmFestTests/Info.plist;
				IPHONEOS_DEPLOYMENT_TARGET = 13.5;
				LD_RUNPATH_SEARCH_PATHS = (
					"$(inherited)",
					"@executable_path/Frameworks",
					"@loader_path/Frameworks",
				);
				PRODUCT_BUNDLE_IDENTIFIER = MobileSoftwareServices.FilmFestTests;
				PRODUCT_NAME = "$(TARGET_NAME)";
				SWIFT_OPTIMIZATION_LEVEL = "-Onone";
				SWIFT_VERSION = 5.0;
				TARGETED_DEVICE_FAMILY = "1,2";
				TEST_HOST = "$(BUILT_PRODUCTS_DIR)/FilmFest.app/FilmFest";
			};
			name = Debug;
		};
		413EAFD624CF5BDC00849014 /* Release */ = {
			isa = XCBuildConfiguration;
			buildSettings = {
				ALWAYS_EMBED_SWIFT_STANDARD_LIBRARIES = YES;
				BUNDLE_LOADER = "$(TEST_HOST)";
				CLANG_ENABLE_MODULES = YES;
				CODE_SIGN_STYLE = Automatic;
				DEVELOPMENT_TEAM = 56F54J4H3N;
				INFOPLIST_FILE = FilmFestTests/Info.plist;
				IPHONEOS_DEPLOYMENT_TARGET = 13.5;
				LD_RUNPATH_SEARCH_PATHS = (
					"$(inherited)",
					"@executable_path/Frameworks",
					"@loader_path/Frameworks",
				);
				PRODUCT_BUNDLE_IDENTIFIER = MobileSoftwareServices.FilmFestTests;
				PRODUCT_NAME = "$(TARGET_NAME)";
				SWIFT_VERSION = 5.0;
				TARGETED_DEVICE_FAMILY = "1,2";
				TEST_HOST = "$(BUILT_PRODUCTS_DIR)/FilmFest.app/FilmFest";
			};
			name = Release;
		};
/* End XCBuildConfiguration section */

/* Begin XCConfigurationList section */
		413EAFAD24CF5BCF00849014 /* Build configuration list for PBXProject "FilmFest" */ = {
			isa = XCConfigurationList;
			buildConfigurations = (
				413EAFCF24CF5BDB00849014 /* Debug */,
				413EAFD024CF5BDB00849014 /* Release */,
			);
			defaultConfigurationIsVisible = 0;
			defaultConfigurationName = Release;
		};
		413EAFD124CF5BDC00849014 /* Build configuration list for PBXNativeTarget "FilmFest" */ = {
			isa = XCConfigurationList;
			buildConfigurations = (
				413EAFD224CF5BDC00849014 /* Debug */,
				413EAFD324CF5BDC00849014 /* Release */,
			);
			defaultConfigurationIsVisible = 0;
			defaultConfigurationName = Release;
		};
		413EAFD424CF5BDC00849014 /* Build configuration list for PBXNativeTarget "FilmFestTests" */ = {
			isa = XCConfigurationList;
			buildConfigurations = (
				413EAFD524CF5BDC00849014 /* Debug */,
				413EAFD624CF5BDC00849014 /* Release */,
			);
			defaultConfigurationIsVisible = 0;
			defaultConfigurationName = Release;
		};
/* End XCConfigurationList section */
	};
	rootObject = 413EAFAA24CF5BCF00849014 /* Project object */;
}
